github.com/BurntSushi/toml v1.5.0 h1:W5quZX/G/csjUnuI8SUYlsHs9M38FC7znL0lIO+DvMg=
github.com/BurntSushi/toml v1.5.0/go.mod h1:ukJfTF/6rtPPRCnwkur4qwRxa8vTRFBF0uk2lLoLwho=
github.com/lizc2003/v8go v0.7.0 h1:UiyykxXe4w1wBfuCRUBWRotFw4DBvD0ABk7AzKiQdZw=
github.com/lizc2003/v8go v0.7.0/go.mod h1:fy7ZJLCNFMKJRIQtfVet7fV3yowAgIgu1xqNn6pSp6w=
github.com/lizc2003/v8go/deps/android_amd64 v0.0.0-20250520101332-eb82e08f2102 h1:lBANoX0PSEHDv9VRQWmBvbwCAoahkkuInvGQ9SSOtRU=
github.com/lizc2003/v8go/deps/android_amd64 v0.0.0-20250520101332-eb82e08f2102/go.mod h1:jtBDXYvVql4GH9adf0VSEH68uD/TD6TG4YRLvR7O1+Q=
github.com/lizc2003/v8go/deps/android_arm64 v0.0.0-20250520101332-eb82e08f2102 h1:fLSOHWp2lD1uroGPdNzsVKXyRkjplKz0pVg0BJ6crcY=
github.com/lizc2003/v8go/deps/android_arm64 v0.0.0-20250520101332-eb82e08f2102/go.mod h1:Wstg1UD77K008x7u31+j5wkMEFrUbL0+8ps4hiF4Y4Q=
github.com/lizc2003/v8go/deps/darwin_amd64 v0.0.0-20250520101332-eb82e08f2102 h1:PMVUWntmLTsNhLq0/7eEmRdIXnS/yWeDyGnQd9HniwQ=
github.com/lizc2003/v8go/deps/darwin_amd64 v0.0.0-20250520101332-eb82e08f2102/go.mod h1:DPJbX/Td2RWu2dkUy2uu+t/oiAXgU0K7O2RiUlOD3qU=
github.com/lizc2003/v8go/deps/darwin_arm64 v0.0.0-20250520101332-eb82e08f2102 h1:3BGEe2RYbmUXt86/magCD4R19h8c+S5aL3KLWHM//Yg=
github.com/lizc2003/v8go/deps/darwin_arm64 v0.0.0-20250520101332-eb82e08f2102/go.mod h1:KGeT14c7KjhoIDs58vTL/ulMaQNJIRkGILYSLKHFTg0=
github.com/lizc2003/v8go/deps/linux_amd64 v0.0.0-20250520101332-eb82e08f2102 h1:kzC5IX5EnS+AZKqilPsNpc+7hQTP2rCp7xQ4fCJHHIw=
github.com/lizc2003/v8go/deps/linux_amd64 v0.0.0-20250520101332-eb82e08f2102/go.mod h1:xeVr1t8sUtRtE/5/3UUjQOWNFfzP94djnCJ/TGrpu/E=
github.com/lizc2003/v8go/deps/linux_arm64 v0.0.0-20250520101332-eb82e08f2102 h1:kuyINw7H8xxAh30L67OcYeKkRAzir8uqyeJRd5qVbBA=
github.com/lizc2003/v8go/deps/linux_arm64 v0.0.0-20250520101332-eb82e08f2102/go.mod h1:ybZ+GBLiTFxzQQzGhjDlWrY+aN7/rKrSbIX1bMX+xLA=
