github.com/BurntSushi/toml v1.5.0 h1:W5quZX/G/csjUnuI8SUYlsHs9M38FC7znL0lIO+DvMg=
github.com/BurntSushi/toml v1.5.0/go.mod h1:ukJfTF/6rtPPRCnwkur4qwRxa8vTRFBF0uk2lLoLwho=
github.com/lizc2003/v8go v0.1.0 h1:Z85Y+RHN+vefy5N+3BkeUcc3do+lCnnL9ST6pdBXUzg=
github.com/lizc2003/v8go v0.1.0/go.mod h1:UfiERcl5RJJhoMLz5McFrfXKFBDwHmX14UtVl35X7MY=
github.com/lizc2003/v8go/deps/android_amd64 v0.0.0-20250514033320-d3798020916d h1:RD0VuwdptJUm1LAsXomv6xN2yXBfVjIPqRrZUQglGi4=
github.com/lizc2003/v8go/deps/android_amd64 v0.0.0-20250514033320-d3798020916d/go.mod h1:jtBDXYvVql4GH9adf0VSEH68uD/TD6TG4YRLvR7O1+Q=
github.com/lizc2003/v8go/deps/android_arm64 v0.0.0-20250514033320-d3798020916d h1:CVECICxvxK9zmPIQTA6/znS+uxrN3fJ3TMTngwAo+ac=
github.com/lizc2003/v8go/deps/android_arm64 v0.0.0-20250514033320-d3798020916d/go.mod h1:Wstg1UD77K008x7u31+j5wkMEFrUbL0+8ps4hiF4Y4Q=
github.com/lizc2003/v8go/deps/darwin_amd64 v0.0.0-20250514033320-d3798020916d h1:9n+mhA9njYwvJliahWIXcNtjvZvCm6YcFUWmX+FT3MM=
github.com/lizc2003/v8go/deps/darwin_amd64 v0.0.0-20250514033320-d3798020916d/go.mod h1:DPJbX/Td2RWu2dkUy2uu+t/oiAXgU0K7O2RiUlOD3qU=
github.com/lizc2003/v8go/deps/darwin_arm64 v0.0.0-20250514033320-d3798020916d h1:3zer0PpL2RZxFIf9+VFd93anIhYNQzdaSfod/R9mPcI=
github.com/lizc2003/v8go/deps/darwin_arm64 v0.0.0-20250514033320-d3798020916d/go.mod h1:KGeT14c7KjhoIDs58vTL/ulMaQNJIRkGILYSLKHFTg0=
github.com/lizc2003/v8go/deps/linux_amd64 v0.0.0-20250514033320-d3798020916d h1:7x147z47H/cXUjulXO7B1VkvMi1Yx5KQSoP+p0uSRmU=
github.com/lizc2003/v8go/deps/linux_amd64 v0.0.0-20250514033320-d3798020916d/go.mod h1:xeVr1t8sUtRtE/5/3UUjQOWNFfzP94djnCJ/TGrpu/E=
github.com/lizc2003/v8go/deps/linux_arm64 v0.0.0-20250514033320-d3798020916d h1:ICCMUwFRKbHZHcdLSGNh5aUpp8dhriZSl9yLQCRU02o=
github.com/lizc2003/v8go/deps/linux_arm64 v0.0.0-20250514033320-d3798020916d/go.mod h1:ybZ+GBLiTFxzQQzGhjDlWrY+aN7/rKrSbIX1bMX+xLA=
