github.com/BurntSushi/toml v1.5.0 h1:W5quZX/G/csjUnuI8SUYlsHs9M38FC7znL0lIO+DvMg=
github.com/BurntSushi/toml v1.5.0/go.mod h1:ukJfTF/6rtPPRCnwkur4qwRxa8vTRFBF0uk2lLoLwho=
github.com/tommie/v8go v0.32.0 h1:lWU0cix0ORJ4xSRzQw6+tL9x+mxhBUMF59DC4EIPydQ=
github.com/tommie/v8go v0.32.0/go.mod h1:bVSIHLhoCeD5r7VW1CEdA/ZJqBIgagaHbWwJGHrBotM=
github.com/tommie/v8go/deps/android_amd64 v0.0.0-20250430042523-3aa41be1fdd5 h1:C+d6fxNEjAEIQ6NPpo0oIeqLMEfa7ExJ7cIHZcUTPeQ=
github.com/tommie/v8go/deps/android_amd64 v0.0.0-20250430042523-3aa41be1fdd5/go.mod h1:+SU4RWSqMXAx2oR/Gzkyc1YAG6F8SCzttMv3sZkh+qY=
github.com/tommie/v8go/deps/android_arm64 v0.0.0-20250430042523-3aa41be1fdd5 h1:z6jlD6WvtgzKr10gSA+gKwL50f6INuEVp9NVVVYJLPU=
github.com/tommie/v8go/deps/android_arm64 v0.0.0-20250430042523-3aa41be1fdd5/go.mod h1:cR4ynUc528GmLCLOb3c1iM2d6qZ5DCVHh+eAD7sJDBQ=
github.com/tommie/v8go/deps/darwin_amd64 v0.0.0-20250430042523-3aa41be1fdd5 h1:vpk//jISJDdQzlcK/wENiu/ZTq4YadEb3RRcG4D25G8=
github.com/tommie/v8go/deps/darwin_amd64 v0.0.0-20250430042523-3aa41be1fdd5/go.mod h1:0qn9w9F7mniTrixPYggJNQQtpAkb9OKY3STy3SSEBi4=
github.com/tommie/v8go/deps/darwin_arm64 v0.0.0-20250430042523-3aa41be1fdd5 h1:upV3TVa2sAiB4NIn7kC2bEvKW3NQ2qGbwnga8/fawlE=
github.com/tommie/v8go/deps/darwin_arm64 v0.0.0-20250430042523-3aa41be1fdd5/go.mod h1:bd8hssu+JaGC4mIE9SukKia0TYs5v977mNodhgpJrdo=
github.com/tommie/v8go/deps/linux_amd64 v0.0.0-20250430042523-3aa41be1fdd5 h1:/uRAWVoG6FF3New/IVWYmDLiRsRhp9+qP9xDuMQBTUY=
github.com/tommie/v8go/deps/linux_amd64 v0.0.0-20250430042523-3aa41be1fdd5/go.mod h1:ZKG7g6Rah4/ZRzb07qFrQI/EPSm2PMj1cN/9y4fxgO8=
github.com/tommie/v8go/deps/linux_arm64 v0.0.0-20250430042523-3aa41be1fdd5 h1:6KX0MhS+/Pd6oXKm9vxlr8thaNIcO9QvELEBsk1/4vo=
github.com/tommie/v8go/deps/linux_arm64 v0.0.0-20250430042523-3aa41be1fdd5/go.mod h1:B/myVnZ82IRgW//OzDnHArcOzW8Yq7FbWnMnYPbZ0Hc=
